
Microsoft Visual Studio Solution File, Format Version 12.00
# Visual Studio Version 17
VisualStudioVersion = 17.10.35122.118
MinimumVisualStudioVersion = 10.0.40219.1
Project("{FAE04EC0-301F-11D3-BF4B-00C04F79EFBC}") = "Workiy-360.Api", "Workiy-360.Api\Workiy-360.Api.csproj", "{84DD5151-8CD8-4909-AD56-35696CD69BFC}"
EndProject
Project("{FAE04EC0-301F-11D3-BF4B-00C04F79EFBC}") = "Workiy-360.Api.BusinessLogic", "Workiy-360.Api.BusinessLogic\Workiy-360.Api.BusinessLogic.csproj", "{14DD988E-4B14-4AC1-871C-1C99E7D64D3B}"
EndProject
Project("{FAE04EC0-301F-11D3-BF4B-00C04F79EFBC}") = "Workiy-360.DataLayer", "Workiy-360.DataLayer\Workiy-360.DataLayer.csproj", "{47D9738D-0988-404D-9392-A8EF3C2D7B47}"
EndProject
Project("{FAE04EC0-301F-11D3-BF4B-00C04F79EFBC}") = "Workiy-360.EntityFramework", "Workiy-360.EntityFramework\Workiy-360.EntityFramework.csproj", "{3D7BE694-1E61-4D61-B739-AC3DED3A49EE}"
EndProject
Project("{FAE04EC0-301F-11D3-BF4B-00C04F79EFBC}") = "Workiy-360.Models", "Workiy-360.Models\Workiy-360.Models.csproj", "{51CD1D9B-14AE-4DAD-9E46-FD611AD60A88}"
EndProject
Global
	GlobalSection(SolutionConfigurationPlatforms) = preSolution
		Debug|Any CPU = Debug|Any CPU
		Release|Any CPU = Release|Any CPU
	EndGlobalSection
	GlobalSection(ProjectConfigurationPlatforms) = postSolution
		{84DD5151-8CD8-4909-AD56-35696CD69BFC}.Debug|Any CPU.ActiveCfg = Debug|Any CPU
		{84DD5151-8CD8-4909-AD56-35696CD69BFC}.Debug|Any CPU.Build.0 = Debug|Any CPU
		{84DD5151-8CD8-4909-AD56-35696CD69BFC}.Release|Any CPU.ActiveCfg = Release|Any CPU
		{84DD5151-8CD8-4909-AD56-35696CD69BFC}.Release|Any CPU.Build.0 = Release|Any CPU
		{14DD988E-4B14-4AC1-871C-1C99E7D64D3B}.Debug|Any CPU.ActiveCfg = Debug|Any CPU
		{14DD988E-4B14-4AC1-871C-1C99E7D64D3B}.Debug|Any CPU.Build.0 = Debug|Any CPU
		{14DD988E-4B14-4AC1-871C-1C99E7D64D3B}.Release|Any CPU.ActiveCfg = Release|Any CPU
		{14DD988E-4B14-4AC1-871C-1C99E7D64D3B}.Release|Any CPU.Build.0 = Release|Any CPU
		{47D9738D-0988-404D-9392-A8EF3C2D7B47}.Debug|Any CPU.ActiveCfg = Debug|Any CPU
		{47D9738D-0988-404D-9392-A8EF3C2D7B47}.Debug|Any CPU.Build.0 = Debug|Any CPU
		{47D9738D-0988-404D-9392-A8EF3C2D7B47}.Release|Any CPU.ActiveCfg = Release|Any CPU
		{47D9738D-0988-404D-9392-A8EF3C2D7B47}.Release|Any CPU.Build.0 = Release|Any CPU
		{3D7BE694-1E61-4D61-B739-AC3DED3A49EE}.Debug|Any CPU.ActiveCfg = Debug|Any CPU
		{3D7BE694-1E61-4D61-B739-AC3DED3A49EE}.Debug|Any CPU.Build.0 = Debug|Any CPU
		{3D7BE694-1E61-4D61-B739-AC3DED3A49EE}.Release|Any CPU.ActiveCfg = Release|Any CPU
		{3D7BE694-1E61-4D61-B739-AC3DED3A49EE}.Release|Any CPU.Build.0 = Release|Any CPU
		{51CD1D9B-14AE-4DAD-9E46-FD611AD60A88}.Debug|Any CPU.ActiveCfg = Debug|Any CPU
		{51CD1D9B-14AE-4DAD-9E46-FD611AD60A88}.Debug|Any CPU.Build.0 = Debug|Any CPU
		{51CD1D9B-14AE-4DAD-9E46-FD611AD60A88}.Release|Any CPU.ActiveCfg = Release|Any CPU
		{51CD1D9B-14AE-4DAD-9E46-FD611AD60A88}.Release|Any CPU.Build.0 = Release|Any CPU
	EndGlobalSection
	GlobalSection(SolutionProperties) = preSolution
		HideSolutionNode = FALSE
	EndGlobalSection
	GlobalSection(ExtensibilityGlobals) = postSolution
		SolutionGuid = {CB5E2E2F-492E-4009-90C2-AF8CF41856CF}
	EndGlobalSection
EndGlobal
